
Microsoft Visual Studio Solution File, Format Version 12.00
# Visual Studio Version 17
VisualStudioVersion = 17.6.33829.357
MinimumVisualStudioVersion = 10.0.40219.1
Project("{9A19103F-16F7-4668-BE54-9A1E7A4F7556}") = "Goldlight.VirtualServer", "Goldlight.VirtualServer\Goldlight.VirtualServer.csproj", "{A1A08039-D80F-454C-8A95-C85A38103E67}"
EndProject
Project("{9A19103F-16F7-4668-BE54-9A1E7A4F7556}") = "Goldlight.Database", "Goldlight.Database\Goldlight.Database.csproj", "{44D23B98-1199-4731-AD4B-228241CE351F}"
EndProject
Project("{2150E333-8FDC-42A3-9474-1A3956D46DE8}") = "Git", "Git", "{05BC446B-C3FF-4ECE-914F-6FED57629253}"
	ProjectSection(SolutionItems) = preProject
		.gitignore = .gitignore
	EndProjectSection
EndProject
Project("{2150E333-8FDC-42A3-9474-1A3956D46DE8}") = "Terraform", "Terraform", "{AFCA0555-0C6C-4E71-9919-77FB835E218D}"
	ProjectSection(SolutionItems) = preProject
		Terraform\applyterraform.cmd = Terraform\applyterraform.cmd
		Terraform\main.tf = Terraform\main.tf
	EndProjectSection
EndProject
Project("{2150E333-8FDC-42A3-9474-1A3956D46DE8}") = "Postgres", "Postgres", "{CCB66DB9-1E94-472A-8E00-722010AA0479}"
	ProjectSection(SolutionItems) = preProject
		Postgres\01-CreateDatabase.sql = Postgres\01-CreateDatabase.sql
		Postgres\02-CreateSchema.sql = Postgres\02-CreateSchema.sql
		Postgres\03-AddTables.sql = Postgres\03-AddTables.sql
		Postgres\04-dml.sql = Postgres\04-dml.sql
	EndProjectSection
EndProject
Project("{9A19103F-16F7-4668-BE54-9A1E7A4F7556}") = "Goldlight.Models", "Goldlight.Models\Goldlight.Models.csproj", "{40166253-312B-4CDF-836C-F9001CF0D920}"
EndProject
Global
	GlobalSection(SolutionConfigurationPlatforms) = preSolution
		Debug|Any CPU = Debug|Any CPU
		Release|Any CPU = Release|Any CPU
	EndGlobalSection
	GlobalSection(ProjectConfigurationPlatforms) = postSolution
		{A1A08039-D80F-454C-8A95-C85A38103E67}.Debug|Any CPU.ActiveCfg = Debug|Any CPU
		{A1A08039-D80F-454C-8A95-C85A38103E67}.Debug|Any CPU.Build.0 = Debug|Any CPU
		{A1A08039-D80F-454C-8A95-C85A38103E67}.Release|Any CPU.ActiveCfg = Release|Any CPU
		{A1A08039-D80F-454C-8A95-C85A38103E67}.Release|Any CPU.Build.0 = Release|Any CPU
		{44D23B98-1199-4731-AD4B-228241CE351F}.Debug|Any CPU.ActiveCfg = Debug|Any CPU
		{44D23B98-1199-4731-AD4B-228241CE351F}.Debug|Any CPU.Build.0 = Debug|Any CPU
		{44D23B98-1199-4731-AD4B-228241CE351F}.Release|Any CPU.ActiveCfg = Release|Any CPU
		{44D23B98-1199-4731-AD4B-228241CE351F}.Release|Any CPU.Build.0 = Release|Any CPU
		{40166253-312B-4CDF-836C-F9001CF0D920}.Debug|Any CPU.ActiveCfg = Debug|Any CPU
		{40166253-312B-4CDF-836C-F9001CF0D920}.Debug|Any CPU.Build.0 = Debug|Any CPU
		{40166253-312B-4CDF-836C-F9001CF0D920}.Release|Any CPU.ActiveCfg = Release|Any CPU
		{40166253-312B-4CDF-836C-F9001CF0D920}.Release|Any CPU.Build.0 = Release|Any CPU
	EndGlobalSection
	GlobalSection(SolutionProperties) = preSolution
		HideSolutionNode = FALSE
	EndGlobalSection
	GlobalSection(ExtensibilityGlobals) = postSolution
		SolutionGuid = {47803421-9AE6-40BD-BF55-C06BFB650A13}
	EndGlobalSection
EndGlobal
